
Microsoft Visual Studio Solution File, Format Version 12.00
# Visual Studio 2012
Project("{E24C65DC-7377-472B-9ABA-BC803B73C61A}") = "AcmeReward", "http://codingkix.com/AcmeReward", "{5D6B85FB-E102-4329-A583-F1788034ED03}"
	ProjectSection(WebsiteProperties) = preProject
		UseIISExpress = "false"
		TargetFrameworkMoniker = ".NETFramework,Version%3Dv4.5"
		Debug.AspNetCompiler.VirtualPath = "/AcmeReward"
		Debug.AspNetCompiler.PhysicalPath = "..\..\..\..\..\..\Portfolio\AcmeReward\"
		Debug.AspNetCompiler.TargetPath = "PrecompiledWeb\AcmeReward\"
		Debug.AspNetCompiler.Updateable = "true"
		Debug.AspNetCompiler.ForceOverwrite = "true"
		Debug.AspNetCompiler.FixedNames = "false"
		Debug.AspNetCompiler.Debug = "True"
		Release.AspNetCompiler.VirtualPath = "/AcmeReward"
		Release.AspNetCompiler.PhysicalPath = "..\..\..\..\..\..\Portfolio\AcmeReward\"
		Release.AspNetCompiler.TargetPath = "PrecompiledWeb\AcmeReward\"
		Release.AspNetCompiler.Updateable = "true"
		Release.AspNetCompiler.ForceOverwrite = "true"
		Release.AspNetCompiler.FixedNames = "false"
		Release.AspNetCompiler.Debug = "False"
		SlnRelativePath = "..\..\..\..\..\..\Portfolio\AcmeReward\"
		DefaultWebSiteLanguage = "Visual Basic"
	EndProjectSection
EndProject
Global
	GlobalSection(SolutionConfigurationPlatforms) = preSolution
		Debug|Any CPU = Debug|Any CPU
	EndGlobalSection
	GlobalSection(ProjectConfigurationPlatforms) = postSolution
		{5D6B85FB-E102-4329-A583-F1788034ED03}.Debug|Any CPU.ActiveCfg = Debug|Any CPU
		{5D6B85FB-E102-4329-A583-F1788034ED03}.Debug|Any CPU.Build.0 = Debug|Any CPU
	EndGlobalSection
	GlobalSection(SolutionProperties) = preSolution
		HideSolutionNode = FALSE
	EndGlobalSection
EndGlobal
